{
  "name": "Renoshopbee",
  "lockfileVersion": 3,
  "requires": true,
  "packages": {
    "": {
      "dependencies": {
        "jquery": "^3.7.1",
        "slick-carousel": "^1.8.1"
      },
      "devDependencies": {
        "@types/jquery": "^3.5.25"
      }
    },
    "node_modules/@types/jquery": {
      "version": "3.5.25",
      "resolved": "https://registry.npmjs.org/@types/jquery/-/jquery-3.5.25.tgz",
      "integrity": "sha512-gykx2c+OZf5nx2tv/5fDQqmvGgTiXshELy5jf9IgXPtVfSBl57IUYByN4osbwMXwJijWGOEYQABzGaFZE79A0Q==",
      "dev": true,
      "dependencies": {
        "@types/sizzle": "*"
      }
    },
    "node_modules/@types/sizzle": {
      "version": "2.3.5",
      "resolved": "https://registry.npmjs.org/@types/sizzle/-/sizzle-2.3.5.tgz",
      "integrity": "sha512-tAe4Q+OLFOA/AMD+0lq8ovp8t3ysxAOeaScnfNdZpUxaGl51ZMDEITxkvFl1STudQ58mz6gzVGl9VhMKhwRnZQ==",
      "dev": true
    },
    "node_modules/jquery": {
      "version": "3.7.1",
      "resolved": "https://registry.npmjs.org/jquery/-/jquery-3.7.1.tgz",
      "integrity": "sha512-m4avr8yL8kmFN8psrbFFFmB/If14iN5o9nw/NgnnM+kybDJpRsAynV2BsfpTYrTRysYUdADVD7CkUUizgkpLfg=="
    },
    "node_modules/slick-carousel": {
      "version": "1.8.1",
      "resolved": "https://registry.npmjs.org/slick-carousel/-/slick-carousel-1.8.1.tgz",
      "integrity": "sha512-XB9Ftrf2EEKfzoQXt3Nitrt/IPbT+f1fgqBdoxO3W/+JYvtEOW6EgxnWfr9GH6nmULv7Y2tPmEX3koxThVmebA==",
      "peerDependencies": {
        "jquery": ">=1.8.0"
      }
    }
  }
}
